{
  "name": "test",
  "version": "1.0.0",
  "lockfileVersion": 3,
  "requires": true,
  "packages": {
    "": {
      "name": "test",
      "version": "1.0.0",
      "license": "ISC"
    },
    "../../../Const-GR1-correa-defaz-sebastian-mateo-main/Examen 2do bim/2025a-swgr1-bagl-division": {
      "version": "1.0.0",
      "extraneous": true,
      "license": "ISC"
    },
    "../../../Const-GR1-correa-defaz-sebastian-mateo-main/Examen 2do bim/2025a-swgr1-bagl-resta": {
      "version": "1.0.0",
      "extraneous": true,
      "license": "ISC"
    },
    "../../../Const-GR1-correa-defaz-sebastian-mateo-main/Examen 2do bim/2025a-swgr1-smcd-multiplicacion": {
      "version": "1.0.0",
      "extraneous": true,
      "license": "ISC"
    },
    "../../../Const-GR1-correa-defaz-sebastian-mateo-main/Examen 2do bim/2025a-swgr1-smcd-suma": {
      "version": "1.0.0",
      "extraneous": true,
      "license": "ISC"
    }
  }
}
